{
  "name": "nanomneme",
  "version": "0.0.1",
  "lockfileVersion": 3,
  "requires": true,
  "packages": {
    "": {
      "name": "nanomneme",
      "version": "0.0.1",
      "workspaces": [
        "packages/*"
      ],
      "engines": {
        "node": ">=22.13.0"
      }
    },
    "node_modules/nmnm-cli": {
      "resolved": "packages/nmnm-cli",
      "link": true
    },
    "node_modules/nmnm-core": {
      "resolved": "packages/nmnm-core",
      "link": true
    },
    "packages/nmnm-cli": {
      "version": "0.0.1",
      "dependencies": {
        "nmnm-core": "0.0.1"
      },
      "bin": {
        "nmnm": "bin/nmnm.js"
      },
      "engines": {
        "node": ">=22.13.0"
      }
    },
    "packages/nmnm-core": {
      "version": "0.0.1",
      "engines": {
        "node": ">=22.13.0"
      }
    }
  }
}
